
Microsoft Visual Studio Solution File, Format Version 12.00
# Visual Studio 15
VisualStudioVersion = 15.0.26430.12
MinimumVisualStudioVersion = 10.0.40219.1
Project("{FAE04EC0-301F-11D3-BF4B-00C04F79EFBC}") = "AssetEditor", "AssetEditor\AssetEditor.csproj", "{BC8932EB-4796-42D0-9B8D-51A4608F4B4F}"
EndProject
Project("{FAE04EC0-301F-11D3-BF4B-00C04F79EFBC}") = "AbstractShooter", "AbstractShooter\AbstractShooter.csproj", "{0CEC1762-4656-430A-843C-4738B2782760}"
EndProject
Project("{FAE04EC0-301F-11D3-BF4B-00C04F79EFBC}") = "Engine", "Engine\Engine.csproj", "{37C29855-7511-438F-AFC2-9257BCF23E3A}"
EndProject
Global
	GlobalSection(SolutionConfigurationPlatforms) = preSolution
		Debug|Any CPU = Debug|Any CPU
		Debug|x64 = Debug|x64
		Debug|x86 = Debug|x86
		Development|Any CPU = Development|Any CPU
		Development|x64 = Development|x64
		Development|x86 = Development|x86
		Release|Any CPU = Release|Any CPU
		Release|x64 = Release|x64
		Release|x86 = Release|x86
	EndGlobalSection
	GlobalSection(ProjectConfigurationPlatforms) = postSolution
		{BC8932EB-4796-42D0-9B8D-51A4608F4B4F}.Debug|Any CPU.ActiveCfg = Debug|Any CPU
		{BC8932EB-4796-42D0-9B8D-51A4608F4B4F}.Debug|Any CPU.Build.0 = Debug|Any CPU
		{BC8932EB-4796-42D0-9B8D-51A4608F4B4F}.Debug|x64.ActiveCfg = Debug|Any CPU
		{BC8932EB-4796-42D0-9B8D-51A4608F4B4F}.Debug|x64.Build.0 = Debug|Any CPU
		{BC8932EB-4796-42D0-9B8D-51A4608F4B4F}.Debug|x86.ActiveCfg = Debug|Any CPU
		{BC8932EB-4796-42D0-9B8D-51A4608F4B4F}.Debug|x86.Build.0 = Debug|Any CPU
		{BC8932EB-4796-42D0-9B8D-51A4608F4B4F}.Development|Any CPU.ActiveCfg = Development|Any CPU
		{BC8932EB-4796-42D0-9B8D-51A4608F4B4F}.Development|Any CPU.Build.0 = Development|Any CPU
		{BC8932EB-4796-42D0-9B8D-51A4608F4B4F}.Development|x64.ActiveCfg = Development|Any CPU
		{BC8932EB-4796-42D0-9B8D-51A4608F4B4F}.Development|x64.Build.0 = Development|Any CPU
		{BC8932EB-4796-42D0-9B8D-51A4608F4B4F}.Development|x86.ActiveCfg = Development|Any CPU
		{BC8932EB-4796-42D0-9B8D-51A4608F4B4F}.Development|x86.Build.0 = Development|Any CPU
		{BC8932EB-4796-42D0-9B8D-51A4608F4B4F}.Release|Any CPU.ActiveCfg = Release|Any CPU
		{BC8932EB-4796-42D0-9B8D-51A4608F4B4F}.Release|Any CPU.Build.0 = Release|Any CPU
		{BC8932EB-4796-42D0-9B8D-51A4608F4B4F}.Release|x64.ActiveCfg = Release|Any CPU
		{BC8932EB-4796-42D0-9B8D-51A4608F4B4F}.Release|x64.Build.0 = Release|Any CPU
		{BC8932EB-4796-42D0-9B8D-51A4608F4B4F}.Release|x86.ActiveCfg = Release|Any CPU
		{BC8932EB-4796-42D0-9B8D-51A4608F4B4F}.Release|x86.Build.0 = Release|Any CPU
		{0CEC1762-4656-430A-843C-4738B2782760}.Debug|Any CPU.ActiveCfg = Debug|Any CPU
		{0CEC1762-4656-430A-843C-4738B2782760}.Debug|Any CPU.Build.0 = Debug|Any CPU
		{0CEC1762-4656-430A-843C-4738B2782760}.Debug|x64.ActiveCfg = Debug|x64
		{0CEC1762-4656-430A-843C-4738B2782760}.Debug|x64.Build.0 = Debug|x64
		{0CEC1762-4656-430A-843C-4738B2782760}.Debug|x86.ActiveCfg = Debug|Any CPU
		{0CEC1762-4656-430A-843C-4738B2782760}.Debug|x86.Build.0 = Debug|Any CPU
		{0CEC1762-4656-430A-843C-4738B2782760}.Development|Any CPU.ActiveCfg = Development|Any CPU
		{0CEC1762-4656-430A-843C-4738B2782760}.Development|Any CPU.Build.0 = Development|Any CPU
		{0CEC1762-4656-430A-843C-4738B2782760}.Development|x64.ActiveCfg = Development|x64
		{0CEC1762-4656-430A-843C-4738B2782760}.Development|x64.Build.0 = Development|x64
		{0CEC1762-4656-430A-843C-4738B2782760}.Development|x86.ActiveCfg = Development|Any CPU
		{0CEC1762-4656-430A-843C-4738B2782760}.Development|x86.Build.0 = Development|Any CPU
		{0CEC1762-4656-430A-843C-4738B2782760}.Release|Any CPU.ActiveCfg = Release|Any CPU
		{0CEC1762-4656-430A-843C-4738B2782760}.Release|Any CPU.Build.0 = Release|Any CPU
		{0CEC1762-4656-430A-843C-4738B2782760}.Release|x64.ActiveCfg = Release|x64
		{0CEC1762-4656-430A-843C-4738B2782760}.Release|x64.Build.0 = Release|x64
		{0CEC1762-4656-430A-843C-4738B2782760}.Release|x86.ActiveCfg = Release|Any CPU
		{0CEC1762-4656-430A-843C-4738B2782760}.Release|x86.Build.0 = Release|Any CPU
		{37C29855-7511-438F-AFC2-9257BCF23E3A}.Debug|Any CPU.ActiveCfg = Debug|Any CPU
		{37C29855-7511-438F-AFC2-9257BCF23E3A}.Debug|Any CPU.Build.0 = Debug|Any CPU
		{37C29855-7511-438F-AFC2-9257BCF23E3A}.Debug|x64.ActiveCfg = Debug|x64
		{37C29855-7511-438F-AFC2-9257BCF23E3A}.Debug|x64.Build.0 = Debug|x64
		{37C29855-7511-438F-AFC2-9257BCF23E3A}.Debug|x86.ActiveCfg = Debug|Any CPU
		{37C29855-7511-438F-AFC2-9257BCF23E3A}.Debug|x86.Build.0 = Debug|Any CPU
		{37C29855-7511-438F-AFC2-9257BCF23E3A}.Development|Any CPU.ActiveCfg = Development|Any CPU
		{37C29855-7511-438F-AFC2-9257BCF23E3A}.Development|Any CPU.Build.0 = Development|Any CPU
		{37C29855-7511-438F-AFC2-9257BCF23E3A}.Development|x64.ActiveCfg = Development|x64
		{37C29855-7511-438F-AFC2-9257BCF23E3A}.Development|x64.Build.0 = Development|x64
		{37C29855-7511-438F-AFC2-9257BCF23E3A}.Development|x86.ActiveCfg = Development|Any CPU
		{37C29855-7511-438F-AFC2-9257BCF23E3A}.Development|x86.Build.0 = Development|Any CPU
		{37C29855-7511-438F-AFC2-9257BCF23E3A}.Release|Any CPU.ActiveCfg = Release|Any CPU
		{37C29855-7511-438F-AFC2-9257BCF23E3A}.Release|Any CPU.Build.0 = Release|Any CPU
		{37C29855-7511-438F-AFC2-9257BCF23E3A}.Release|x64.ActiveCfg = Release|x64
		{37C29855-7511-438F-AFC2-9257BCF23E3A}.Release|x64.Build.0 = Release|x64
		{37C29855-7511-438F-AFC2-9257BCF23E3A}.Release|x86.ActiveCfg = Release|Any CPU
		{37C29855-7511-438F-AFC2-9257BCF23E3A}.Release|x86.Build.0 = Release|Any CPU
	EndGlobalSection
	GlobalSection(SolutionProperties) = preSolution
		HideSolutionNode = FALSE
	EndGlobalSection
EndGlobal
